// !$*UTF8*$!
{
	archiveVersion = 1;
	classes = {
	};
	objectVersion = 50;
	objects = {

/* Begin PBXBuildFile section */
		1BE2011A054EA84D281E3098 /* Pods_MyInstaTests.framework in Frameworks */ = {isa = PBXBuildFile; fileRef = C4812F93584C85301CCE709A /* Pods_MyInstaTests.framework */; };
		74B127F89A8A6A4602F197AF /* Pods_MyInstaUITests.framework in Frameworks */ = {isa = PBXBuildFile; fileRef = F83E26B8EC4F608F290EF042 /* Pods_MyInstaUITests.framework */; };
		93262067FDB8E5637B517E81 /* Pods_MyInsta.framework in Frameworks */ = {isa = PBXBuildFile; fileRef = B48EAB3D8091D8055ADDB86C /* Pods_MyInsta.framework */; };
		BC1C0AC0223A25780008C15A /* CommentCell.swift in Sources */ = {isa = PBXBuildFile; fileRef = BC1C0ABF223A25780008C15A /* CommentCell.swift */; };
		BC9A1F012230820B00452BBB /* AppDelegate.swift in Sources */ = {isa = PBXBuildFile; fileRef = BC9A1F002230820B00452BBB /* AppDelegate.swift */; };
		BC9A1F062230820B00452BBB /* Main.storyboard in Resources */ = {isa = PBXBuildFile; fileRef = BC9A1F042230820B00452BBB /* Main.storyboard */; };
		BC9A1F082230820D00452BBB /* Assets.xcassets in Resources */ = {isa = PBXBuildFile; fileRef = BC9A1F072230820D00452BBB /* Assets.xcassets */; };
		BC9A1F162230820D00452BBB /* MyInstaTests.swift in Sources */ = {isa = PBXBuildFile; fileRef = BC9A1F152230820D00452BBB /* MyInstaTests.swift */; };
		BC9A1F212230820D00452BBB /* MyInstaUITests.swift in Sources */ = {isa = PBXBuildFile; fileRef = BC9A1F202230820D00452BBB /* MyInstaUITests.swift */; };
		BC9A1F352230CC6600452BBB /* LoginViewController.swift in Sources */ = {isa = PBXBuildFile; fileRef = BC9A1F342230CC6600452BBB /* LoginViewController.swift */; };
		BC9A1F372230CC7A00452BBB /* FeedViewController.swift in Sources */ = {isa = PBXBuildFile; fileRef = BC9A1F362230CC7A00452BBB /* FeedViewController.swift */; };
		BC9A1F392230E4D800452BBB /* CameraViewController.swift in Sources */ = {isa = PBXBuildFile; fileRef = BC9A1F382230E4D800452BBB /* CameraViewController.swift */; };
		BC9A1F3B2231014200452BBB /* PostCell.swift in Sources */ = {isa = PBXBuildFile; fileRef = BC9A1F3A2231014200452BBB /* PostCell.swift */; };
		BCF2143022311787001925F2 /* Launch Screen.storyboard in Resources */ = {isa = PBXBuildFile; fileRef = BCF2142F22311787001925F2 /* Launch Screen.storyboard */; };
/* End PBXBuildFile section */

/* Begin PBXContainerItemProxy section */
		BC9A1F122230820D00452BBB /* PBXContainerItemProxy */ = {
			isa = PBXContainerItemProxy;
			containerPortal = BC9A1EF52230820B00452BBB /* Project object */;
			proxyType = 1;
			remoteGlobalIDString = BC9A1EFC2230820B00452BBB;
			remoteInfo = MyInsta;
		};
		BC9A1F1D2230820D00452BBB /* PBXContainerItemProxy */ = {
			isa = PBXContainerItemProxy;
			containerPortal = BC9A1EF52230820B00452BBB /* Project object */;
			proxyType = 1;
			remoteGlobalIDString = BC9A1EFC2230820B00452BBB;
			remoteInfo = MyInsta;
		};
/* End PBXContainerItemProxy section */

/* Begin PBXFileReference section */
		45346CAA18980C9BACBFC199 /* Pods-MyInsta.debug.xcconfig */ = {isa = PBXFileReference; includeInIndex = 1; lastKnownFileType = text.xcconfig; name = "Pods-MyInsta.debug.xcconfig"; path = "Target Support Files/Pods-MyInsta/Pods-MyInsta.debug.xcconfig"; sourceTree = "<group>"; };
		4A1C75F6C1E438863D234E4B /* Pods-MyInstaUITests.debug.xcconfig */ = {isa = PBXFileReference; includeInIndex = 1; lastKnownFileType = text.xcconfig; name = "Pods-MyInstaUITests.debug.xcconfig"; path = "Target Support Files/Pods-MyInstaUITests/Pods-MyInstaUITests.debug.xcconfig"; sourceTree = "<group>"; };
		538B2934ED9304D3263DBE38 /* Pods-MyInstaTests.debug.xcconfig */ = {isa = PBXFileReference; includeInIndex = 1; lastKnownFileType = text.xcconfig; name = "Pods-MyInstaTests.debug.xcconfig"; path = "Target Support Files/Pods-MyInstaTests/Pods-MyInstaTests.debug.xcconfig"; sourceTree = "<group>"; };
		5CC30D051C227282317D4F9B /* Pods-MyInsta.release.xcconfig */ = {isa = PBXFileReference; includeInIndex = 1; lastKnownFileType = text.xcconfig; name = "Pods-MyInsta.release.xcconfig"; path = "Target Support Files/Pods-MyInsta/Pods-MyInsta.release.xcconfig"; sourceTree = "<group>"; };
		9C9F5C1E722C3FFD3FA1AF8D /* Pods-MyInstaTests.release.xcconfig */ = {isa = PBXFileReference; includeInIndex = 1; lastKnownFileType = text.xcconfig; name = "Pods-MyInstaTests.release.xcconfig"; path = "Target Support Files/Pods-MyInstaTests/Pods-MyInstaTests.release.xcconfig"; sourceTree = "<group>"; };
		B03987B6850AA7501688587B /* Pods-MyInstaUITests.release.xcconfig */ = {isa = PBXFileReference; includeInIndex = 1; lastKnownFileType = text.xcconfig; name = "Pods-MyInstaUITests.release.xcconfig"; path = "Target Support Files/Pods-MyInstaUITests/Pods-MyInstaUITests.release.xcconfig"; sourceTree = "<group>"; };
		B48EAB3D8091D8055ADDB86C /* Pods_MyInsta.framework */ = {isa = PBXFileReference; explicitFileType = wrapper.framework; includeInIndex = 0; path = Pods_MyInsta.framework; sourceTree = BUILT_PRODUCTS_DIR; };
		BC1C0ABF223A25780008C15A /* CommentCell.swift */ = {isa = PBXFileReference; lastKnownFileType = sourcecode.swift; path = CommentCell.swift; sourceTree = "<group>"; };
		BC9A1EFD2230820B00452BBB /* MyInsta.app */ = {isa = PBXFileReference; explicitFileType = wrapper.application; includeInIndex = 0; path = MyInsta.app; sourceTree = BUILT_PRODUCTS_DIR; };
		BC9A1F002230820B00452BBB /* AppDelegate.swift */ = {isa = PBXFileReference; lastKnownFileType = sourcecode.swift; path = AppDelegate.swift; sourceTree = "<group>"; };
		BC9A1F052230820B00452BBB /* Base */ = {isa = PBXFileReference; lastKnownFileType = file.storyboard; name = Base; path = Base.lproj/Main.storyboard; sourceTree = "<group>"; };
		BC9A1F072230820D00452BBB /* Assets.xcassets */ = {isa = PBXFileReference; lastKnownFileType = folder.assetcatalog; path = Assets.xcassets; sourceTree = "<group>"; };
		BC9A1F0C2230820D00452BBB /* Info.plist */ = {isa = PBXFileReference; lastKnownFileType = text.plist.xml; path = Info.plist; sourceTree = "<group>"; };
		BC9A1F112230820D00452BBB /* MyInstaTests.xctest */ = {isa = PBXFileReference; explicitFileType = wrapper.cfbundle; includeInIndex = 0; path = MyInstaTests.xctest; sourceTree = BUILT_PRODUCTS_DIR; };
		BC9A1F152230820D00452BBB /* MyInstaTests.swift */ = {isa = PBXFileReference; lastKnownFileType = sourcecode.swift; path = MyInstaTests.swift; sourceTree = "<group>"; };
		BC9A1F172230820D00452BBB /* Info.plist */ = {isa = PBXFileReference; lastKnownFileType = text.plist.xml; path = Info.plist; sourceTree = "<group>"; };
		BC9A1F1C2230820D00452BBB /* MyInstaUITests.xctest */ = {isa = PBXFileReference; explicitFileType = wrapper.cfbundle; includeInIndex = 0; path = MyInstaUITests.xctest; sourceTree = BUILT_PRODUCTS_DIR; };
		BC9A1F202230820D00452BBB /* MyInstaUITests.swift */ = {isa = PBXFileReference; lastKnownFileType = sourcecode.swift; path = MyInstaUITests.swift; sourceTree = "<group>"; };
		BC9A1F222230820D00452BBB /* Info.plist */ = {isa = PBXFileReference; lastKnownFileType = text.plist.xml; path = Info.plist; sourceTree = "<group>"; };
		BC9A1F342230CC6600452BBB /* LoginViewController.swift */ = {isa = PBXFileReference; lastKnownFileType = sourcecode.swift; path = LoginViewController.swift; sourceTree = "<group>"; };
		BC9A1F362230CC7A00452BBB /* FeedViewController.swift */ = {isa = PBXFileReference; lastKnownFileType = sourcecode.swift; path = FeedViewController.swift; sourceTree = "<group>"; };
		BC9A1F382230E4D800452BBB /* CameraViewController.swift */ = {isa = PBXFileReference; lastKnownFileType = sourcecode.swift; path = CameraViewController.swift; sourceTree = "<group>"; };
		BC9A1F3A2231014200452BBB /* PostCell.swift */ = {isa = PBXFileReference; lastKnownFileType = sourcecode.swift; path = PostCell.swift; sourceTree = "<group>"; };
		BCF2142F22311787001925F2 /* Launch Screen.storyboard */ = {isa = PBXFileReference; lastKnownFileType = file.storyboard; path = "Launch Screen.storyboard"; sourceTree = "<group>"; };
		C4812F93584C85301CCE709A /* Pods_MyInstaTests.framework */ = {isa = PBXFileReference; explicitFileType = wrapper.framework; includeInIndex = 0; path = Pods_MyInstaTests.framework; sourceTree = BUILT_PRODUCTS_DIR; };
		F83E26B8EC4F608F290EF042 /* Pods_MyInstaUITests.framework */ = {isa = PBXFileReference; explicitFileType = wrapper.framework; includeInIndex = 0; path = Pods_MyInstaUITests.framework; sourceTree = BUILT_PRODUCTS_DIR; };
/* End PBXFileReference section */

/* Begin PBXFrameworksBuildPhase section */
		BC9A1EFA2230820B00452BBB /* Frameworks */ = {
			isa = PBXFrameworksBuildPhase;
			buildActionMask = 2147483647;
			files = (
				93262067FDB8E5637B517E81 /* Pods_MyInsta.framework in Frameworks */,
			);
			runOnlyForDeploymentPostprocessing = 0;
		};
		BC9A1F0E2230820D00452BBB /* Frameworks */ = {
			isa = PBXFrameworksBuildPhase;
			buildActionMask = 2147483647;
			files = (
				1BE2011A054EA84D281E3098 /* Pods_MyInstaTests.framework in Frameworks */,
			);
			runOnlyForDeploymentPostprocessing = 0;
		};
		BC9A1F192230820D00452BBB /* Frameworks */ = {
			isa = PBXFrameworksBuildPhase;
			buildActionMask = 2147483647;
			files = (
				74B127F89A8A6A4602F197AF /* Pods_MyInstaUITests.framework in Frameworks */,
			);
			runOnlyForDeploymentPostprocessing = 0;
		};
/* End PBXFrameworksBuildPhase section */

/* Begin PBXGroup section */
		61F29BB29A126778E1800474 /* Frameworks */ = {
			isa = PBXGroup;
			children = (
				B48EAB3D8091D8055ADDB86C /* Pods_MyInsta.framework */,
				C4812F93584C85301CCE709A /* Pods_MyInstaTests.framework */,
				F83E26B8EC4F608F290EF042 /* Pods_MyInstaUITests.framework */,
			);
			name = Frameworks;
			sourceTree = "<group>";
		};
		BC9A1EF42230820B00452BBB = {
			isa = PBXGroup;
			children = (
				BC9A1EFF2230820B00452BBB /* MyInsta */,
				BC9A1F142230820D00452BBB /* MyInstaTests */,
				BC9A1F1F2230820D00452BBB /* MyInstaUITests */,
				BC9A1EFE2230820B00452BBB /* Products */,
				C66089FA6EE39C0BE1E39474 /* Pods */,
				61F29BB29A126778E1800474 /* Frameworks */,
			);
			sourceTree = "<group>";
		};
		BC9A1EFE2230820B00452BBB /* Products */ = {
			isa = PBXGroup;
			children = (
				BC9A1EFD2230820B00452BBB /* MyInsta.app */,
				BC9A1F112230820D00452BBB /* MyInstaTests.xctest */,
				BC9A1F1C2230820D00452BBB /* MyInstaUITests.xctest */,
			);
			name = Products;
			sourceTree = "<group>";
		};
		BC9A1EFF2230820B00452BBB /* MyInsta */ = {
			isa = PBXGroup;
			children = (
				BCF2142F22311787001925F2 /* Launch Screen.storyboard */,
				BC9A1F002230820B00452BBB /* AppDelegate.swift */,
				BC9A1F042230820B00452BBB /* Main.storyboard */,
				BC9A1F072230820D00452BBB /* Assets.xcassets */,
				BC9A1F0C2230820D00452BBB /* Info.plist */,
				BC9A1F342230CC6600452BBB /* LoginViewController.swift */,
				BC9A1F362230CC7A00452BBB /* FeedViewController.swift */,
				BC9A1F382230E4D800452BBB /* CameraViewController.swift */,
				BC9A1F3A2231014200452BBB /* PostCell.swift */,
				BC1C0ABF223A25780008C15A /* CommentCell.swift */,
			);
			path = MyInsta;
			sourceTree = "<group>";
		};
		BC9A1F142230820D00452BBB /* MyInstaTests */ = {
			isa = PBXGroup;
			children = (
				BC9A1F152230820D00452BBB /* MyInstaTests.swift */,
				BC9A1F172230820D00452BBB /* Info.plist */,
			);
			path = MyInstaTests;
			sourceTree = "<group>";
		};
		BC9A1F1F2230820D00452BBB /* MyInstaUITests */ = {
			isa = PBXGroup;
			children = (
				BC9A1F202230820D00452BBB /* MyInstaUITests.swift */,
				BC9A1F222230820D00452BBB /* Info.plist */,
			);
			path = MyInstaUITests;
			sourceTree = "<group>";
		};
		C66089FA6EE39C0BE1E39474 /* Pods */ = {
			isa = PBXGroup;
			children = (
				45346CAA18980C9BACBFC199 /* Pods-MyInsta.debug.xcconfig */,
				5CC30D051C227282317D4F9B /* Pods-MyInsta.release.xcconfig */,
				538B2934ED9304D3263DBE38 /* Pods-MyInstaTests.debug.xcconfig */,
				9C9F5C1E722C3FFD3FA1AF8D /* Pods-MyInstaTests.release.xcconfig */,
				4A1C75F6C1E438863D234E4B /* Pods-MyInstaUITests.debug.xcconfig */,
				B03987B6850AA7501688587B /* Pods-MyInstaUITests.release.xcconfig */,
			);
			path = Pods;
			sourceTree = "<group>";
		};
/* End PBXGroup section */

/* Begin PBXNativeTarget section */
		BC9A1EFC2230820B00452BBB /* MyInsta */ = {
			isa = PBXNativeTarget;
			buildConfigurationList = BC9A1F252230820D00452BBB /* Build configuration list for PBXNativeTarget "MyInsta" */;
			buildPhases = (
				941331550B7644BC9A88E918 /* [CP] Check Pods Manifest.lock */,
				BC9A1EF92230820B00452BBB /* Sources */,
				BC9A1EFA2230820B00452BBB /* Frameworks */,
				BC9A1EFB2230820B00452BBB /* Resources */,
				15B69B9189D39AC7640BFB54 /* [CP] Embed Pods Frameworks */,
			);
			buildRules = (
			);
			dependencies = (
			);
			name = MyInsta;
			productName = MyInsta;
			productReference = BC9A1EFD2230820B00452BBB /* MyInsta.app */;
			productType = "com.apple.product-type.application";
		};
		BC9A1F102230820D00452BBB /* MyInstaTests */ = {
			isa = PBXNativeTarget;
			buildConfigurationList = BC9A1F282230820D00452BBB /* Build configuration list for PBXNativeTarget "MyInstaTests" */;
			buildPhases = (
				3D3BF91E06F1A29C6CBA518F /* [CP] Check Pods Manifest.lock */,
				BC9A1F0D2230820D00452BBB /* Sources */,
				BC9A1F0E2230820D00452BBB /* Frameworks */,
				BC9A1F0F2230820D00452BBB /* Resources */,
			);
			buildRules = (
			);
			dependencies = (
				BC9A1F132230820D00452BBB /* PBXTargetDependency */,
			);
			name = MyInstaTests;
			productName = MyInstaTests;
			productReference = BC9A1F112230820D00452BBB /* MyInstaTests.xctest */;
			productType = "com.apple.product-type.bundle.unit-test";
		};
		BC9A1F1B2230820D00452BBB /* MyInstaUITests */ = {
			isa = PBXNativeTarget;
			buildConfigurationList = BC9A1F2B2230820D00452BBB /* Build configuration list for PBXNativeTarget "MyInstaUITests" */;
			buildPhases = (
				4BA5FE68ADB501FA5AF7F648 /* [CP] Check Pods Manifest.lock */,
				BC9A1F182230820D00452BBB /* Sources */,
				BC9A1F192230820D00452BBB /* Frameworks */,
				BC9A1F1A2230820D00452BBB /* Resources */,
			);
			buildRules = (
			);
			dependencies = (
				BC9A1F1E2230820D00452BBB /* PBXTargetDependency */,
			);
			name = MyInstaUITests;
			productName = MyInstaUITests;
			productReference = BC9A1F1C2230820D00452BBB /* MyInstaUITests.xctest */;
			productType = "com.apple.product-type.bundle.ui-testing";
		};
/* End PBXNativeTarget section */

/* Begin PBXProject section */
		BC9A1EF52230820B00452BBB /* Project object */ = {
			isa = PBXProject;
			attributes = {
				LastSwiftUpdateCheck = 1010;
				LastUpgradeCheck = 1010;
				ORGANIZATIONNAME = "Jose Davila";
				TargetAttributes = {
					BC9A1EFC2230820B00452BBB = {
						CreatedOnToolsVersion = 10.1;
					};
					BC9A1F102230820D00452BBB = {
						CreatedOnToolsVersion = 10.1;
						TestTargetID = BC9A1EFC2230820B00452BBB;
					};
					BC9A1F1B2230820D00452BBB = {
						CreatedOnToolsVersion = 10.1;
						TestTargetID = BC9A1EFC2230820B00452BBB;
					};
				};
			};
			buildConfigurationList = BC9A1EF82230820B00452BBB /* Build configuration list for PBXProject "MyInsta" */;
			compatibilityVersion = "Xcode 9.3";
			developmentRegion = en;
			hasScannedForEncodings = 0;
			knownRegions = (
				en,
				Base,
			);
			mainGroup = BC9A1EF42230820B00452BBB;
			productRefGroup = BC9A1EFE2230820B00452BBB /* Products */;
			projectDirPath = "";
			projectRoot = "";
			targets = (
				BC9A1EFC2230820B00452BBB /* MyInsta */,
				BC9A1F102230820D00452BBB /* MyInstaTests */,
				BC9A1F1B2230820D00452BBB /* MyInstaUITests */,
			);
		};
/* End PBXProject section */

/* Begin PBXResourcesBuildPhase section */
		BC9A1EFB2230820B00452BBB /* Resources */ = {
			isa = PBXResourcesBuildPhase;
			buildActionMask = 2147483647;
			files = (
				BCF2143022311787001925F2 /* Launch Screen.storyboard in Resources */,
				BC9A1F082230820D00452BBB /* Assets.xcassets in Resources */,
				BC9A1F062230820B00452BBB /* Main.storyboard in Resources */,
			);
			runOnlyForDeploymentPostprocessing = 0;
		};
		BC9A1F0F2230820D00452BBB /* Resources */ = {
			isa = PBXResourcesBuildPhase;
			buildActionMask = 2147483647;
			files = (
			);
			runOnlyForDeploymentPostprocessing = 0;
		};
		BC9A1F1A2230820D00452BBB /* Resources */ = {
			isa = PBXResourcesBuildPhase;
			buildActionMask = 2147483647;
			files = (
			);
			runOnlyForDeploymentPostprocessing = 0;
		};
/* End PBXResourcesBuildPhase section */

/* Begin PBXShellScriptBuildPhase section */
		15B69B9189D39AC7640BFB54 /* [CP] Embed Pods Frameworks */ = {
			isa = PBXShellScriptBuildPhase;
			buildActionMask = 2147483647;
			files = (
			);
			inputFileListPaths = (
			);
			inputPaths = (
				"${PODS_ROOT}/Target Support Files/Pods-MyInsta/Pods-MyInsta-frameworks.sh",
				"${BUILT_PRODUCTS_DIR}/Alamofire/Alamofire.framework",
				"${BUILT_PRODUCTS_DIR}/AlamofireImage/AlamofireImage.framework",
				"${BUILT_PRODUCTS_DIR}/Bolts/Bolts.framework",
				"${BUILT_PRODUCTS_DIR}/MessageInputBar/MessageInputBar.framework",
				"${BUILT_PRODUCTS_DIR}/Parse/Parse.framework",
			);
			name = "[CP] Embed Pods Frameworks";
			outputFileListPaths = (
			);
			outputPaths = (
				"${TARGET_BUILD_DIR}/${FRAMEWORKS_FOLDER_PATH}/Alamofire.framework",
				"${TARGET_BUILD_DIR}/${FRAMEWORKS_FOLDER_PATH}/AlamofireImage.framework",
				"${TARGET_BUILD_DIR}/${FRAMEWORKS_FOLDER_PATH}/Bolts.framework",
				"${TARGET_BUILD_DIR}/${FRAMEWORKS_FOLDER_PATH}/MessageInputBar.framework",
				"${TARGET_BUILD_DIR}/${FRAMEWORKS_FOLDER_PATH}/Parse.framework",
			);
			runOnlyForDeploymentPostprocessing = 0;
			shellPath = /bin/sh;
			shellScript = "\"${PODS_ROOT}/Target Support Files/Pods-MyInsta/Pods-MyInsta-frameworks.sh\"\n";
			showEnvVarsInLog = 0;
		};
		3D3BF91E06F1A29C6CBA518F /* [CP] Check Pods Manifest.lock */ = {
			isa = PBXShellScriptBuildPhase;
			buildActionMask = 2147483647;
			files = (
			);
			inputFileListPaths = (
			);
			inputPaths = (
				"${PODS_PODFILE_DIR_PATH}/Podfile.lock",
				"${PODS_ROOT}/Manifest.lock",
			);
			name = "[CP] Check Pods Manifest.lock";
			outputFileListPaths = (
			);
			outputPaths = (
				"$(DERIVED_FILE_DIR)/Pods-MyInstaTests-checkManifestLockResult.txt",
			);
			runOnlyForDeploymentPostprocessing = 0;
			shellPath = /bin/sh;
			shellScript = "diff \"${PODS_PODFILE_DIR_PATH}/Podfile.lock\" \"${PODS_ROOT}/Manifest.lock\" > /dev/null\nif [ $? != 0 ] ; then\n    # print error to STDERR\n    echo \"error: The sandbox is not in sync with the Podfile.lock. Run 'pod install' or update your CocoaPods installation.\" >&2\n    exit 1\nfi\n# This output is used by Xcode 'outputs' to avoid re-running this script phase.\necho \"SUCCESS\" > \"${SCRIPT_OUTPUT_FILE_0}\"\n";
			showEnvVarsInLog = 0;
		};
		4BA5FE68ADB501FA5AF7F648 /* [CP] Check Pods Manifest.lock */ = {
			isa = PBXShellScriptBuildPhase;
			buildActionMask = 2147483647;
			files = (
			);
			inputFileListPaths = (
			);
			inputPaths = (
				"${PODS_PODFILE_DIR_PATH}/Podfile.lock",
				"${PODS_ROOT}/Manifest.lock",
			);
			name = "[CP] Check Pods Manifest.lock";
			outputFileListPaths = (
			);
			outputPaths = (
				"$(DERIVED_FILE_DIR)/Pods-MyInstaUITests-checkManifestLockResult.txt",
			);
			runOnlyForDeploymentPostprocessing = 0;
			shellPath = /bin/sh;
			shellScript = "diff \"${PODS_PODFILE_DIR_PATH}/Podfile.lock\" \"${PODS_ROOT}/Manifest.lock\" > /dev/null\nif [ $? != 0 ] ; then\n    # print error to STDERR\n    echo \"error: The sandbox is not in sync with the Podfile.lock. Run 'pod install' or update your CocoaPods installation.\" >&2\n    exit 1\nfi\n# This output is used by Xcode 'outputs' to avoid re-running this script phase.\necho \"SUCCESS\" > \"${SCRIPT_OUTPUT_FILE_0}\"\n";
			showEnvVarsInLog = 0;
		};
		941331550B7644BC9A88E918 /* [CP] Check Pods Manifest.lock */ = {
			isa = PBXShellScriptBuildPhase;
			buildActionMask = 2147483647;
			files = (
			);
			inputFileListPaths = (
			);
			inputPaths = (
				"${PODS_PODFILE_DIR_PATH}/Podfile.lock",
				"${PODS_ROOT}/Manifest.lock",
			);
			name = "[CP] Check Pods Manifest.lock";
			outputFileListPaths = (
			);
			outputPaths = (
				"$(DERIVED_FILE_DIR)/Pods-MyInsta-checkManifestLockResult.txt",
			);
			runOnlyForDeploymentPostprocessing = 0;
			shellPath = /bin/sh;
			shellScript = "diff \"${PODS_PODFILE_DIR_PATH}/Podfile.lock\" \"${PODS_ROOT}/Manifest.lock\" > /dev/null\nif [ $? != 0 ] ; then\n    # print error to STDERR\n    echo \"error: The sandbox is not in sync with the Podfile.lock. Run 'pod install' or update your CocoaPods installation.\" >&2\n    exit 1\nfi\n# This output is used by Xcode 'outputs' to avoid re-running this script phase.\necho \"SUCCESS\" > \"${SCRIPT_OUTPUT_FILE_0}\"\n";
			showEnvVarsInLog = 0;
		};
/* End PBXShellScriptBuildPhase section */

/* Begin PBXSourcesBuildPhase section */
		BC9A1EF92230820B00452BBB /* Sources */ = {
			isa = PBXSourcesBuildPhase;
			buildActionMask = 2147483647;
			files = (
				BC9A1F352230CC6600452BBB /* LoginViewController.swift in Sources */,
				BC9A1F392230E4D800452BBB /* CameraViewController.swift in Sources */,
				BC9A1F372230CC7A00452BBB /* FeedViewController.swift in Sources */,
				BC9A1F012230820B00452BBB /* AppDelegate.swift in Sources */,
				BC9A1F3B2231014200452BBB /* PostCell.swift in Sources */,
				BC1C0AC0223A25780008C15A /* CommentCell.swift in Sources */,
			);
			runOnlyForDeploymentPostprocessing = 0;
		};
		BC9A1F0D2230820D00452BBB /* Sources */ = {
			isa = PBXSourcesBuildPhase;
			buildActionMask = 2147483647;
			files = (
				BC9A1F162230820D00452BBB /* MyInstaTests.swift in Sources */,
			);
			runOnlyForDeploymentPostprocessing = 0;
		};
		BC9A1F182230820D00452BBB /* Sources */ = {
			isa = PBXSourcesBuildPhase;
			buildActionMask = 2147483647;
			files = (
				BC9A1F212230820D00452BBB /* MyInstaUITests.swift in Sources */,
			);
			runOnlyForDeploymentPostprocessing = 0;
		};
/* End PBXSourcesBuildPhase section */

/* Begin PBXTargetDependency section */
		BC9A1F132230820D00452BBB /* PBXTargetDependency */ = {
			isa = PBXTargetDependency;
			target = BC9A1EFC2230820B00452BBB /* MyInsta */;
			targetProxy = BC9A1F122230820D00452BBB /* PBXContainerItemProxy */;
		};
		BC9A1F1E2230820D00452BBB /* PBXTargetDependency */ = {
			isa = PBXTargetDependency;
			target = BC9A1EFC2230820B00452BBB /* MyInsta */;
			targetProxy = BC9A1F1D2230820D00452BBB /* PBXContainerItemProxy */;
		};
/* End PBXTargetDependency section */

/* Begin PBXVariantGroup section */
		BC9A1F042230820B00452BBB /* Main.storyboard */ = {
			isa = PBXVariantGroup;
			children = (
				BC9A1F052230820B00452BBB /* Base */,
			);
			name = Main.storyboard;
			sourceTree = "<group>";
		};
/* End PBXVariantGroup section */

/* Begin XCBuildConfiguration section */
		BC9A1F232230820D00452BBB /* Debug */ = {
			isa = XCBuildConfiguration;
			buildSettings = {
				ALWAYS_SEARCH_USER_PATHS = NO;
				CLANG_ANALYZER_NONNULL = YES;
				CLANG_ANALYZER_NUMBER_OBJECT_CONVERSION = YES_AGGRESSIVE;
				CLANG_CXX_LANGUAGE_STANDARD = "gnu++14";
				CLANG_CXX_LIBRARY = "libc++";
				CLANG_ENABLE_MODULES = YES;
				CLANG_ENABLE_OBJC_ARC = YES;
				CLANG_ENABLE_OBJC_WEAK = YES;
				CLANG_WARN_BLOCK_CAPTURE_AUTORELEASING = YES;
				CLANG_WARN_BOOL_CONVERSION = YES;
				CLANG_WARN_COMMA = YES;
				CLANG_WARN_CONSTANT_CONVERSION = YES;
				CLANG_WARN_DEPRECATED_OBJC_IMPLEMENTATIONS = YES;
				CLANG_WARN_DIRECT_OBJC_ISA_USAGE = YES_ERROR;
				CLANG_WARN_DOCUMENTATION_COMMENTS = YES;
				CLANG_WARN_EMPTY_BODY = YES;
				CLANG_WARN_ENUM_CONVERSION = YES;
				CLANG_WARN_INFINITE_RECURSION = YES;
				CLANG_WARN_INT_CONVERSION = YES;
				CLANG_WARN_NON_LITERAL_NULL_CONVERSION = YES;
				CLANG_WARN_OBJC_IMPLICIT_RETAIN_SELF = YES;
				CLANG_WARN_OBJC_LITERAL_CONVERSION = YES;
				CLANG_WARN_OBJC_ROOT_CLASS = YES_ERROR;
				CLANG_WARN_RANGE_LOOP_ANALYSIS = YES;
				CLANG_WARN_STRICT_PROTOTYPES = YES;
				CLANG_WARN_SUSPICIOUS_MOVE = YES;
				CLANG_WARN_UNGUARDED_AVAILABILITY = YES_AGGRESSIVE;
				CLANG_WARN_UNREACHABLE_CODE = YES;
				CLANG_WARN__DUPLICATE_METHOD_MATCH = YES;
				CODE_SIGN_IDENTITY = "iPhone Developer";
				COPY_PHASE_STRIP = NO;
				DEBUG_INFORMATION_FORMAT = dwarf;
				ENABLE_STRICT_OBJC_MSGSEND = YES;
				ENABLE_TESTABILITY = YES;
				GCC_C_LANGUAGE_STANDARD = gnu11;
				GCC_DYNAMIC_NO_PIC = NO;
				GCC_NO_COMMON_BLOCKS = YES;
				GCC_OPTIMIZATION_LEVEL = 0;
				GCC_PREPROCESSOR_DEFINITIONS = (
					"DEBUG=1",
					"$(inherited)",
				);
				GCC_WARN_64_TO_32_BIT_CONVERSION = YES;
				GCC_WARN_ABOUT_RETURN_TYPE = YES_ERROR;
				GCC_WARN_UNDECLARED_SELECTOR = YES;
				GCC_WARN_UNINITIALIZED_AUTOS = YES_AGGRESSIVE;
				GCC_WARN_UNUSED_FUNCTION = YES;
				GCC_WARN_UNUSED_VARIABLE = YES;
				IPHONEOS_DEPLOYMENT_TARGET = 12.1;
				MTL_ENABLE_DEBUG_INFO = INCLUDE_SOURCE;
				MTL_FAST_MATH = YES;
				ONLY_ACTIVE_ARCH = YES;
				SDKROOT = iphoneos;
				SWIFT_ACTIVE_COMPILATION_CONDITIONS = DEBUG;
				SWIFT_OPTIMIZATION_LEVEL = "-Onone";
			};
			name = Debug;
		};
		BC9A1F242230820D00452BBB /* Release */ = {
			isa = XCBuildConfiguration;
			buildSettings = {
				ALWAYS_SEARCH_USER_PATHS = NO;
				CLANG_ANALYZER_NONNULL = YES;
				CLANG_ANALYZER_NUMBER_OBJECT_CONVERSION = YES_AGGRESSIVE;
				CLANG_CXX_LANGUAGE_STANDARD = "gnu++14";
				CLANG_CXX_LIBRARY = "libc++";
				CLANG_ENABLE_MODULES = YES;
				CLANG_ENABLE_OBJC_ARC = YES;
				CLANG_ENABLE_OBJC_WEAK = YES;
				CLANG_WARN_BLOCK_CAPTURE_AUTORELEASING = YES;
				CLANG_WARN_BOOL_CONVERSION = YES;
				CLANG_WARN_COMMA = YES;
				CLANG_WARN_CONSTANT_CONVERSION = YES;
				CLANG_WARN_DEPRECATED_OBJC_IMPLEMENTATIONS = YES;
				CLANG_WARN_DIRECT_OBJC_ISA_USAGE = YES_ERROR;
				CLANG_WARN_DOCUMENTATION_COMMENTS = YES;
				CLANG_WARN_EMPTY_BODY = YES;
				CLANG_WARN_ENUM_CONVERSION = YES;
				CLANG_WARN_INFINITE_RECURSION = YES;
				CLANG_WARN_INT_CONVERSION = YES;
				CLANG_WARN_NON_LITERAL_NULL_CONVERSION = YES;
				CLANG_WARN_OBJC_IMPLICIT_RETAIN_SELF = YES;
				CLANG_WARN_OBJC_LITERAL_CONVERSION = YES;
				CLANG_WARN_OBJC_ROOT_CLASS = YES_ERROR;
				CLANG_WARN_RANGE_LOOP_ANALYSIS = YES;
				CLANG_WARN_STRICT_PROTOTYPES = YES;
				CLANG_WARN_SUSPICIOUS_MOVE = YES;
				CLANG_WARN_UNGUARDED_AVAILABILITY = YES_AGGRESSIVE;
				CLANG_WARN_UNREACHABLE_CODE = YES;
				CLANG_WARN__DUPLICATE_METHOD_MATCH = YES;
				CODE_SIGN_IDENTITY = "iPhone Developer";
				COPY_PHASE_STRIP = NO;
				DEBUG_INFORMATION_FORMAT = "dwarf-with-dsym";
				ENABLE_NS_ASSERTIONS = NO;
				ENABLE_STRICT_OBJC_MSGSEND = YES;
				GCC_C_LANGUAGE_STANDARD = gnu11;
				GCC_NO_COMMON_BLOCKS = YES;
				GCC_WARN_64_TO_32_BIT_CONVERSION = YES;
				GCC_WARN_ABOUT_RETURN_TYPE = YES_ERROR;
				GCC_WARN_UNDECLARED_SELECTOR = YES;
				GCC_WARN_UNINITIALIZED_AUTOS = YES_AGGRESSIVE;
				GCC_WARN_UNUSED_FUNCTION = YES;
				GCC_WARN_UNUSED_VARIABLE = YES;
				IPHONEOS_DEPLOYMENT_TARGET = 12.1;
				MTL_ENABLE_DEBUG_INFO = NO;
				MTL_FAST_MATH = YES;
				SDKROOT = iphoneos;
				SWIFT_COMPILATION_MODE = wholemodule;
				SWIFT_OPTIMIZATION_LEVEL = "-O";
				VALIDATE_PRODUCT = YES;
			};
			name = Release;
		};
		BC9A1F262230820D00452BBB /* Debug */ = {
			isa = XCBuildConfiguration;
			baseConfigurationReference = 45346CAA18980C9BACBFC199 /* Pods-MyInsta.debug.xcconfig */;
			buildSettings = {
				ASSETCATALOG_COMPILER_APPICON_NAME = AppIcon;
				CODE_SIGN_STYLE = Automatic;
				DEVELOPMENT_TEAM = 6F35KBLT72;
				INFOPLIST_FILE = MyInsta/Info.plist;
				LD_RUNPATH_SEARCH_PATHS = (
					"$(inherited)",
					"@executable_path/Frameworks",
				);
				PRODUCT_BUNDLE_IDENTIFIER = com.josedavila.MyInsta;
				PRODUCT_NAME = "$(TARGET_NAME)";
				SWIFT_VERSION = 4.2;
				TARGETED_DEVICE_FAMILY = "1,2";
			};
			name = Debug;
		};
		BC9A1F272230820D00452BBB /* Release */ = {
			isa = XCBuildConfiguration;
			baseConfigurationReference = 5CC30D051C227282317D4F9B /* Pods-MyInsta.release.xcconfig */;
			buildSettings = {
				ASSETCATALOG_COMPILER_APPICON_NAME = AppIcon;
				CODE_SIGN_STYLE = Automatic;
				DEVELOPMENT_TEAM = 6F35KBLT72;
				INFOPLIST_FILE = MyInsta/Info.plist;
				LD_RUNPATH_SEARCH_PATHS = (
					"$(inherited)",
					"@executable_path/Frameworks",
				);
				PRODUCT_BUNDLE_IDENTIFIER = com.josedavila.MyInsta;
				PRODUCT_NAME = "$(TARGET_NAME)";
				SWIFT_VERSION = 4.2;
				TARGETED_DEVICE_FAMILY = "1,2";
			};
			name = Release;
		};
		BC9A1F292230820D00452BBB /* Debug */ = {
			isa = XCBuildConfiguration;
			baseConfigurationReference = 538B2934ED9304D3263DBE38 /* Pods-MyInstaTests.debug.xcconfig */;
			buildSettings = {
				ALWAYS_EMBED_SWIFT_STANDARD_LIBRARIES = YES;
				BUNDLE_LOADER = "$(TEST_HOST)";
				CODE_SIGN_STYLE = Automatic;
				DEVELOPMENT_TEAM = 6F35KBLT72;
				INFOPLIST_FILE = MyInstaTests/Info.plist;
				LD_RUNPATH_SEARCH_PATHS = (
					"$(inherited)",
					"@executable_path/Frameworks",
					"@loader_path/Frameworks",
				);
				PRODUCT_BUNDLE_IDENTIFIER = com.josedavila.MyInstaTests;
				PRODUCT_NAME = "$(TARGET_NAME)";
				SWIFT_VERSION = 4.2;
				TARGETED_DEVICE_FAMILY = "1,2";
				TEST_HOST = "$(BUILT_PRODUCTS_DIR)/MyInsta.app/MyInsta";
			};
			name = Debug;
		};
		BC9A1F2A2230820D00452BBB /* Release */ = {
			isa = XCBuildConfiguration;
			baseConfigurationReference = 9C9F5C1E722C3FFD3FA1AF8D /* Pods-MyInstaTests.release.xcconfig */;
			buildSettings = {
				ALWAYS_EMBED_SWIFT_STANDARD_LIBRARIES = YES;
				BUNDLE_LOADER = "$(TEST_HOST)";
				CODE_SIGN_STYLE = Automatic;
				DEVELOPMENT_TEAM = 6F35KBLT72;
				INFOPLIST_FILE = MyInstaTests/Info.plist;
				LD_RUNPATH_SEARCH_PATHS = (
					"$(inherited)",
					"@executable_path/Frameworks",
					"@loader_path/Frameworks",
				);
				PRODUCT_BUNDLE_IDENTIFIER = com.josedavila.MyInstaTests;
				PRODUCT_NAME = "$(TARGET_NAME)";
				SWIFT_VERSION = 4.2;
				TARGETED_DEVICE_FAMILY = "1,2";
				TEST_HOST = "$(BUILT_PRODUCTS_DIR)/MyInsta.app/MyInsta";
			};
			name = Release;
		};
		BC9A1F2C2230820D00452BBB /* Debug */ = {
			isa = XCBuildConfiguration;
			baseConfigurationReference = 4A1C75F6C1E438863D234E4B /* Pods-MyInstaUITests.debug.xcconfig */;
			buildSettings = {
				ALWAYS_EMBED_SWIFT_STANDARD_LIBRARIES = YES;
				CODE_SIGN_STYLE = Automatic;
				DEVELOPMENT_TEAM = 6F35KBLT72;
				INFOPLIST_FILE = MyInstaUITests/Info.plist;
				LD_RUNPATH_SEARCH_PATHS = (
					"$(inherited)",
					"@executable_path/Frameworks",
					"@loader_path/Frameworks",
				);
				PRODUCT_BUNDLE_IDENTIFIER = com.josedavila.MyInstaUITests;
				PRODUCT_NAME = "$(TARGET_NAME)";
				SWIFT_VERSION = 4.2;
				TARGETED_DEVICE_FAMILY = "1,2";
				TEST_TARGET_NAME = MyInsta;
			};
			name = Debug;
		};
		BC9A1F2D2230820D00452BBB /* Release */ = {
			isa = XCBuildConfiguration;
			baseConfigurationReference = B03987B6850AA7501688587B /* Pods-MyInstaUITests.release.xcconfig */;
			buildSettings = {
				ALWAYS_EMBED_SWIFT_STANDARD_LIBRARIES = YES;
				CODE_SIGN_STYLE = Automatic;
				DEVELOPMENT_TEAM = 6F35KBLT72;
				INFOPLIST_FILE = MyInstaUITests/Info.plist;
				LD_RUNPATH_SEARCH_PATHS = (
					"$(inherited)",
					"@executable_path/Frameworks",
					"@loader_path/Frameworks",
				);
				PRODUCT_BUNDLE_IDENTIFIER = com.josedavila.MyInstaUITests;
				PRODUCT_NAME = "$(TARGET_NAME)";
				SWIFT_VERSION = 4.2;
				TARGETED_DEVICE_FAMILY = "1,2";
				TEST_TARGET_NAME = MyInsta;
			};
			name = Release;
		};
/* End XCBuildConfiguration section */

/* Begin XCConfigurationList section */
		BC9A1EF82230820B00452BBB /* Build configuration list for PBXProject "MyInsta" */ = {
			isa = XCConfigurationList;
			buildConfigurations = (
				BC9A1F232230820D00452BBB /* Debug */,
				BC9A1F242230820D00452BBB /* Release */,
			);
			defaultConfigurationIsVisible = 0;
			defaultConfigurationName = Release;
		};
		BC9A1F252230820D00452BBB /* Build configuration list for PBXNativeTarget "MyInsta" */ = {
			isa = XCConfigurationList;
			buildConfigurations = (
				BC9A1F262230820D00452BBB /* Debug */,
				BC9A1F272230820D00452BBB /* Release */,
			);
			defaultConfigurationIsVisible = 0;
			defaultConfigurationName = Release;
		};
		BC9A1F282230820D00452BBB /* Build configuration list for PBXNativeTarget "MyInstaTests" */ = {
			isa = XCConfigurationList;
			buildConfigurations = (
				BC9A1F292230820D00452BBB /* Debug */,
				BC9A1F2A2230820D00452BBB /* Release */,
			);
			defaultConfigurationIsVisible = 0;
			defaultConfigurationName = Release;
		};
		BC9A1F2B2230820D00452BBB /* Build configuration list for PBXNativeTarget "MyInstaUITests" */ = {
			isa = XCConfigurationList;
			buildConfigurations = (
				BC9A1F2C2230820D00452BBB /* Debug */,
				BC9A1F2D2230820D00452BBB /* Release */,
			);
			defaultConfigurationIsVisible = 0;
			defaultConfigurationName = Release;
		};
/* End XCConfigurationList section */
	};
	rootObject = BC9A1EF52230820B00452BBB /* Project object */;
}
